{
    "version": 3,
    "terraform_version": "0.11.1",
    "serial": 11,
    "lineage": "d53c0757-cfad-4065-8936-e362417d77cb",
    "modules": [
        {
            "path": [
                "root"
            ],
            "outputs": {
                "SSH String for db Server": {
                    "sensitive": false,
                    "type": "string",
                    "value": "ssh ec2-user@34.238.193.94"
                },
                "SSH String for nginx  Server": {
                    "sensitive": false,
                    "type": "string",
                    "value": "ssh ec2-user@34.232.63.27"
                },
                "VPC Name": {
                    "sensitive": false,
                    "type": "string",
                    "value": "vpc-ba8d78c1"
                }
            },
            "resources": {
                "aws_eip.nat": {
                    "type": "aws_eip",
                    "depends_on": [],
                    "primary": {
                        "id": "eipalloc-17218e21",
                        "attributes": {
                            "association_id": "",
                            "domain": "vpc",
                            "id": "eipalloc-17218e21",
                            "instance": "",
                            "network_interface": "",
                            "private_ip": "",
                            "public_ip": "35.170.138.206",
                            "tags.%": "0",
                            "vpc": "true"
                        },
                        "meta": {},
                        "tainted": false
                    },
                    "deposed": [],
                    "provider": "provider.aws"
                },
                "aws_instance.db": {
                    "type": "aws_instance",
                    "depends_on": [
                        "aws_security_group.db",
                        "aws_subnet.public",
                        "data.template_file.ansible"
                    ],
                    "primary": {
                        "id": "i-0687de291530b7a21",
                        "attributes": {
                            "ami": "ami-97785bed",
                            "associate_public_ip_address": "true",
                            "availability_zone": "us-east-1f",
                            "disable_api_termination": "false",
                            "ebs_block_device.#": "0",
                            "ebs_optimized": "false",
                            "ephemeral_block_device.#": "0",
                            "iam_instance_profile": "",
                            "id": "i-0687de291530b7a21",
                            "instance_state": "running",
                            "instance_type": "t2.micro",
                            "ipv6_addresses.#": "0",
                            "key_name": "useast",
                            "monitoring": "false",
                            "network_interface.#": "0",
                            "network_interface_id": "eni-dd26217f",
                            "placement_group": "",
                            "primary_network_interface_id": "eni-dd26217f",
                            "private_dns": "ip-10-0-14-3.ec2.internal",
                            "private_ip": "10.0.14.3",
                            "public_dns": "",
                            "public_ip": "34.238.193.94",
                            "root_block_device.#": "1",
                            "root_block_device.0.delete_on_termination": "true",
                            "root_block_device.0.iops": "100",
                            "root_block_device.0.volume_id": "vol-0e9a5da66ac79cfa9",
                            "root_block_device.0.volume_size": "8",
                            "root_block_device.0.volume_type": "gp2",
                            "security_groups.#": "0",
                            "source_dest_check": "true",
                            "subnet_id": "subnet-19c70416",
                            "tags.%": "1",
                            "tags.Name": "mmb.demo.db",
                            "tenancy": "default",
                            "user_data": "fcfcc583f22e47b63a4f6a143a4672048dec89e3",
                            "volume_tags.%": "0",
                            "vpc_security_group_ids.#": "1",
                            "vpc_security_group_ids.3293425260": "sg-77890200"
                        },
                        "meta": {
                            "e2bfb730-ecaa-11e6-8f88-34363bc7c4c0": {
                                "create": 600000000000,
                                "delete": 600000000000,
                                "update": 600000000000
                            },
                            "schema_version": "1"
                        },
                        "tainted": false
                    },
                    "deposed": [],
                    "provider": "provider.aws"
                },
                "aws_instance.ei.0": {
                    "type": "aws_instance",
                    "depends_on": [
                        "aws_security_group.ei",
                        "aws_subnet.public",
                        "data.template_file.ansible"
                    ],
                    "primary": {
                        "id": "i-0dd1dfd0233ea0d34",
                        "attributes": {
                            "ami": "ami-97785bed",
                            "associate_public_ip_address": "true",
                            "availability_zone": "us-east-1f",
                            "disable_api_termination": "false",
                            "ebs_block_device.#": "0",
                            "ebs_optimized": "false",
                            "ephemeral_block_device.#": "0",
                            "iam_instance_profile": "",
                            "id": "i-0dd1dfd0233ea0d34",
                            "instance_state": "running",
                            "instance_type": "t2.micro",
                            "ipv6_addresses.#": "0",
                            "key_name": "useast",
                            "monitoring": "false",
                            "network_interface.#": "0",
                            "network_interface_id": "eni-80212622",
                            "placement_group": "",
                            "primary_network_interface_id": "eni-80212622",
                            "private_dns": "ip-10-0-12-6.ec2.internal",
                            "private_ip": "10.0.12.6",
                            "public_dns": "",
                            "public_ip": "34.229.65.114",
                            "root_block_device.#": "1",
                            "root_block_device.0.delete_on_termination": "true",
                            "root_block_device.0.iops": "100",
                            "root_block_device.0.volume_id": "vol-03f5f3d862daf6c39",
                            "root_block_device.0.volume_size": "8",
                            "root_block_device.0.volume_type": "gp2",
                            "security_groups.#": "0",
                            "source_dest_check": "true",
                            "subnet_id": "subnet-19c70416",
                            "tags.%": "1",
                            "tags.Name": "mmb.demo.ei",
                            "tenancy": "default",
                            "user_data": "fcfcc583f22e47b63a4f6a143a4672048dec89e3",
                            "volume_tags.%": "0",
                            "vpc_security_group_ids.#": "1",
                            "vpc_security_group_ids.4171540749": "sg-39f8734e"
                        },
                        "meta": {
                            "e2bfb730-ecaa-11e6-8f88-34363bc7c4c0": {
                                "create": 600000000000,
                                "delete": 600000000000,
                                "update": 600000000000
                            },
                            "schema_version": "1"
                        },
                        "tainted": false
                    },
                    "deposed": [],
                    "provider": "provider.aws"
                },
                "aws_instance.ei.1": {
                    "type": "aws_instance",
                    "depends_on": [
                        "aws_security_group.ei",
                        "aws_subnet.public",
                        "data.template_file.ansible"
                    ],
                    "primary": {
                        "id": "i-06ceb52c3c5e99cfc",
                        "attributes": {
                            "ami": "ami-97785bed",
                            "associate_public_ip_address": "true",
                            "availability_zone": "us-east-1f",
                            "disable_api_termination": "false",
                            "ebs_block_device.#": "0",
                            "ebs_optimized": "false",
                            "ephemeral_block_device.#": "0",
                            "iam_instance_profile": "",
                            "id": "i-06ceb52c3c5e99cfc",
                            "instance_state": "running",
                            "instance_type": "t2.micro",
                            "ipv6_addresses.#": "0",
                            "key_name": "useast",
                            "monitoring": "false",
                            "network_interface.#": "0",
                            "network_interface_id": "eni-8824232a",
                            "placement_group": "",
                            "primary_network_interface_id": "eni-8824232a",
                            "private_dns": "ip-10-0-11-138.ec2.internal",
                            "private_ip": "10.0.11.138",
                            "public_dns": "",
                            "public_ip": "34.204.202.187",
                            "root_block_device.#": "1",
                            "root_block_device.0.delete_on_termination": "true",
                            "root_block_device.0.iops": "100",
                            "root_block_device.0.volume_id": "vol-07393f9f4a8a775a8",
                            "root_block_device.0.volume_size": "8",
                            "root_block_device.0.volume_type": "gp2",
                            "security_groups.#": "0",
                            "source_dest_check": "true",
                            "subnet_id": "subnet-19c70416",
                            "tags.%": "1",
                            "tags.Name": "mmb.demo.ei",
                            "tenancy": "default",
                            "user_data": "fcfcc583f22e47b63a4f6a143a4672048dec89e3",
                            "volume_tags.%": "0",
                            "vpc_security_group_ids.#": "1",
                            "vpc_security_group_ids.4171540749": "sg-39f8734e"
                        },
                        "meta": {
                            "e2bfb730-ecaa-11e6-8f88-34363bc7c4c0": {
                                "create": 600000000000,
                                "delete": 600000000000,
                                "update": 600000000000
                            },
                            "schema_version": "1"
                        },
                        "tainted": false
                    },
                    "deposed": [],
                    "provider": "provider.aws"
                },
                "aws_instance.nginx": {
                    "type": "aws_instance",
                    "depends_on": [
                        "aws_security_group.nginx",
                        "aws_subnet.public",
                        "data.template_file.ansible"
                    ],
                    "primary": {
                        "id": "i-0bfdf049fbb7b6607",
                        "attributes": {
                            "ami": "ami-97785bed",
                            "associate_public_ip_address": "true",
                            "availability_zone": "us-east-1f",
                            "disable_api_termination": "false",
                            "ebs_block_device.#": "0",
                            "ebs_optimized": "false",
                            "ephemeral_block_device.#": "0",
                            "iam_instance_profile": "",
                            "id": "i-0bfdf049fbb7b6607",
                            "instance_state": "running",
                            "instance_type": "t2.micro",
                            "ipv6_addresses.#": "0",
                            "key_name": "useast",
                            "monitoring": "false",
                            "network_interface.#": "0",
                            "network_interface_id": "eni-3f181f9d",
                            "placement_group": "",
                            "primary_network_interface_id": "eni-3f181f9d",
                            "private_dns": "ip-10-0-14-175.ec2.internal",
                            "private_ip": "10.0.14.175",
                            "public_dns": "",
                            "public_ip": "34.232.63.27",
                            "root_block_device.#": "1",
                            "root_block_device.0.delete_on_termination": "true",
                            "root_block_device.0.iops": "100",
                            "root_block_device.0.volume_id": "vol-07c0392ffe2a36a01",
                            "root_block_device.0.volume_size": "8",
                            "root_block_device.0.volume_type": "gp2",
                            "security_groups.#": "0",
                            "source_dest_check": "true",
                            "subnet_id": "subnet-19c70416",
                            "tags.%": "1",
                            "tags.Name": "mmb.demo.nginx",
                            "tenancy": "default",
                            "user_data": "fcfcc583f22e47b63a4f6a143a4672048dec89e3",
                            "volume_tags.%": "0",
                            "vpc_security_group_ids.#": "1",
                            "vpc_security_group_ids.2512259746": "sg-51f97226"
                        },
                        "meta": {
                            "e2bfb730-ecaa-11e6-8f88-34363bc7c4c0": {
                                "create": 600000000000,
                                "delete": 600000000000,
                                "update": 600000000000
                            },
                            "schema_version": "1"
                        },
                        "tainted": false
                    },
                    "deposed": [],
                    "provider": "provider.aws"
                },
                "aws_internet_gateway.gw": {
                    "type": "aws_internet_gateway",
                    "depends_on": [
                        "aws_vpc.vpc"
                    ],
                    "primary": {
                        "id": "igw-ca0917b3",
                        "attributes": {
                            "id": "igw-ca0917b3",
                            "tags.%": "1",
                            "tags.Name": "MMB IGW",
                            "vpc_id": "vpc-ba8d78c1"
                        },
                        "meta": {},
                        "tainted": false
                    },
                    "deposed": [],
                    "provider": "provider.aws"
                },
                "aws_nat_gateway.gw": {
                    "type": "aws_nat_gateway",
                    "depends_on": [
                        "aws_eip.nat",
                        "aws_subnet.public"
                    ],
                    "primary": {
                        "id": "nat-06a1b6b4f136a389f",
                        "attributes": {
                            "allocation_id": "eipalloc-17218e21",
                            "id": "nat-06a1b6b4f136a389f",
                            "network_interface_id": "eni-442621e6",
                            "private_ip": "10.0.9.185",
                            "public_ip": "35.170.138.206",
                            "subnet_id": "subnet-19c70416",
                            "tags.%": "1",
                            "tags.Name": "MMB NatGateway"
                        },
                        "meta": {},
                        "tainted": false
                    },
                    "deposed": [],
                    "provider": "provider.aws"
                },
                "aws_route.igw": {
                    "type": "aws_route",
                    "depends_on": [
                        "aws_internet_gateway.gw",
                        "aws_route_table.public"
                    ],
                    "primary": {
                        "id": "r-rtb-7d382e001080289494",
                        "attributes": {
                            "destination_cidr_block": "0.0.0.0/0",
                            "destination_prefix_list_id": "",
                            "egress_only_gateway_id": "",
                            "gateway_id": "igw-ca0917b3",
                            "id": "r-rtb-7d382e001080289494",
                            "instance_id": "",
                            "instance_owner_id": "",
                            "nat_gateway_id": "",
                            "network_interface_id": "",
                            "origin": "CreateRoute",
                            "route_table_id": "rtb-7d382e00",
                            "state": "active",
                            "vpc_peering_connection_id": ""
                        },
                        "meta": {},
                        "tainted": false
                    },
                    "deposed": [],
                    "provider": "provider.aws"
                },
                "aws_route.ngw": {
                    "type": "aws_route",
                    "depends_on": [
                        "aws_nat_gateway.gw",
                        "aws_vpc.vpc"
                    ],
                    "primary": {
                        "id": "r-rtb-442137391080289494",
                        "attributes": {
                            "destination_cidr_block": "0.0.0.0/0",
                            "destination_prefix_list_id": "",
                            "egress_only_gateway_id": "",
                            "gateway_id": "",
                            "id": "r-rtb-442137391080289494",
                            "instance_id": "",
                            "instance_owner_id": "",
                            "nat_gateway_id": "nat-06a1b6b4f136a389f",
                            "network_interface_id": "",
                            "origin": "CreateRoute",
                            "route_table_id": "rtb-44213739",
                            "state": "active",
                            "vpc_peering_connection_id": ""
                        },
                        "meta": {},
                        "tainted": false
                    },
                    "deposed": [],
                    "provider": "provider.aws"
                },
                "aws_route_table.public": {
                    "type": "aws_route_table",
                    "depends_on": [
                        "aws_vpc.vpc"
                    ],
                    "primary": {
                        "id": "rtb-7d382e00",
                        "attributes": {
                            "id": "rtb-7d382e00",
                            "propagating_vgws.#": "0",
                            "route.#": "0",
                            "tags.%": "1",
                            "tags.Name": "MMB route table public",
                            "vpc_id": "vpc-ba8d78c1"
                        },
                        "meta": {},
                        "tainted": false
                    },
                    "deposed": [],
                    "provider": "provider.aws"
                },
                "aws_route_table_association.public": {
                    "type": "aws_route_table_association",
                    "depends_on": [
                        "aws_route_table.public",
                        "aws_subnet.public"
                    ],
                    "primary": {
                        "id": "rtbassoc-6a751016",
                        "attributes": {
                            "id": "rtbassoc-6a751016",
                            "route_table_id": "rtb-7d382e00",
                            "subnet_id": "subnet-19c70416"
                        },
                        "meta": {},
                        "tainted": false
                    },
                    "deposed": [],
                    "provider": "provider.aws"
                },
                "aws_security_group.db": {
                    "type": "aws_security_group",
                    "depends_on": [
                        "aws_vpc.vpc"
                    ],
                    "primary": {
                        "id": "sg-77890200",
                        "attributes": {
                            "description": "Allow SSH and mysql inbound traffic",
                            "egress.#": "1",
                            "egress.482069346.cidr_blocks.#": "1",
                            "egress.482069346.cidr_blocks.0": "0.0.0.0/0",
                            "egress.482069346.description": "",
                            "egress.482069346.from_port": "0",
                            "egress.482069346.ipv6_cidr_blocks.#": "0",
                            "egress.482069346.prefix_list_ids.#": "0",
                            "egress.482069346.protocol": "-1",
                            "egress.482069346.security_groups.#": "0",
                            "egress.482069346.self": "false",
                            "egress.482069346.to_port": "0",
                            "id": "sg-77890200",
                            "ingress.#": "2",
                            "ingress.1163740523.cidr_blocks.#": "1",
                            "ingress.1163740523.cidr_blocks.0": "0.0.0.0/0",
                            "ingress.1163740523.description": "",
                            "ingress.1163740523.from_port": "3306",
                            "ingress.1163740523.ipv6_cidr_blocks.#": "0",
                            "ingress.1163740523.protocol": "tcp",
                            "ingress.1163740523.security_groups.#": "0",
                            "ingress.1163740523.self": "false",
                            "ingress.1163740523.to_port": "3306",
                            "ingress.2541437006.cidr_blocks.#": "1",
                            "ingress.2541437006.cidr_blocks.0": "0.0.0.0/0",
                            "ingress.2541437006.description": "",
                            "ingress.2541437006.from_port": "22",
                            "ingress.2541437006.ipv6_cidr_blocks.#": "0",
                            "ingress.2541437006.protocol": "tcp",
                            "ingress.2541437006.security_groups.#": "0",
                            "ingress.2541437006.self": "false",
                            "ingress.2541437006.to_port": "22",
                            "name": "db Security Group",
                            "owner_id": "380811051426",
                            "revoke_rules_on_delete": "false",
                            "tags.%": "1",
                            "tags.Name": "DB",
                            "vpc_id": "vpc-ba8d78c1"
                        },
                        "meta": {
                            "schema_version": "1"
                        },
                        "tainted": false
                    },
                    "deposed": [],
                    "provider": "provider.aws"
                },
                "aws_security_group.ei": {
                    "type": "aws_security_group",
                    "depends_on": [
                        "aws_vpc.vpc"
                    ],
                    "primary": {
                        "id": "sg-39f8734e",
                        "attributes": {
                            "description": "Allow SSH inbound traffic",
                            "egress.#": "1",
                            "egress.482069346.cidr_blocks.#": "1",
                            "egress.482069346.cidr_blocks.0": "0.0.0.0/0",
                            "egress.482069346.description": "",
                            "egress.482069346.from_port": "0",
                            "egress.482069346.ipv6_cidr_blocks.#": "0",
                            "egress.482069346.prefix_list_ids.#": "0",
                            "egress.482069346.protocol": "-1",
                            "egress.482069346.security_groups.#": "0",
                            "egress.482069346.self": "false",
                            "egress.482069346.to_port": "0",
                            "id": "sg-39f8734e",
                            "ingress.#": "5",
                            "ingress.2155951542.cidr_blocks.#": "1",
                            "ingress.2155951542.cidr_blocks.0": "0.0.0.0/0",
                            "ingress.2155951542.description": "",
                            "ingress.2155951542.from_port": "8243",
                            "ingress.2155951542.ipv6_cidr_blocks.#": "0",
                            "ingress.2155951542.protocol": "tcp",
                            "ingress.2155951542.security_groups.#": "0",
                            "ingress.2155951542.self": "false",
                            "ingress.2155951542.to_port": "8243",
                            "ingress.2541437006.cidr_blocks.#": "1",
                            "ingress.2541437006.cidr_blocks.0": "0.0.0.0/0",
                            "ingress.2541437006.description": "",
                            "ingress.2541437006.from_port": "22",
                            "ingress.2541437006.ipv6_cidr_blocks.#": "0",
                            "ingress.2541437006.protocol": "tcp",
                            "ingress.2541437006.security_groups.#": "0",
                            "ingress.2541437006.self": "false",
                            "ingress.2541437006.to_port": "22",
                            "ingress.32525084.cidr_blocks.#": "1",
                            "ingress.32525084.cidr_blocks.0": "0.0.0.0/0",
                            "ingress.32525084.description": "",
                            "ingress.32525084.from_port": "8280",
                            "ingress.32525084.ipv6_cidr_blocks.#": "0",
                            "ingress.32525084.protocol": "tcp",
                            "ingress.32525084.security_groups.#": "0",
                            "ingress.32525084.self": "false",
                            "ingress.32525084.to_port": "8280",
                            "ingress.4021512699.cidr_blocks.#": "1",
                            "ingress.4021512699.cidr_blocks.0": "0.0.0.0/0",
                            "ingress.4021512699.description": "",
                            "ingress.4021512699.from_port": "4100",
                            "ingress.4021512699.ipv6_cidr_blocks.#": "0",
                            "ingress.4021512699.protocol": "tcp",
                            "ingress.4021512699.security_groups.#": "0",
                            "ingress.4021512699.self": "false",
                            "ingress.4021512699.to_port": "4100",
                            "ingress.943113337.cidr_blocks.#": "1",
                            "ingress.943113337.cidr_blocks.0": "0.0.0.0/0",
                            "ingress.943113337.description": "",
                            "ingress.943113337.from_port": "9443",
                            "ingress.943113337.ipv6_cidr_blocks.#": "0",
                            "ingress.943113337.protocol": "tcp",
                            "ingress.943113337.security_groups.#": "0",
                            "ingress.943113337.self": "false",
                            "ingress.943113337.to_port": "9443",
                            "name": "EI Security Group",
                            "owner_id": "380811051426",
                            "revoke_rules_on_delete": "false",
                            "tags.%": "1",
                            "tags.Name": "EI",
                            "vpc_id": "vpc-ba8d78c1"
                        },
                        "meta": {
                            "schema_version": "1"
                        },
                        "tainted": false
                    },
                    "deposed": [],
                    "provider": "provider.aws"
                },
                "aws_security_group.nginx": {
                    "type": "aws_security_group",
                    "depends_on": [
                        "aws_vpc.vpc"
                    ],
                    "primary": {
                        "id": "sg-51f97226",
                        "attributes": {
                            "description": "Allow SSH inbound traffic",
                            "egress.#": "1",
                            "egress.482069346.cidr_blocks.#": "1",
                            "egress.482069346.cidr_blocks.0": "0.0.0.0/0",
                            "egress.482069346.description": "",
                            "egress.482069346.from_port": "0",
                            "egress.482069346.ipv6_cidr_blocks.#": "0",
                            "egress.482069346.prefix_list_ids.#": "0",
                            "egress.482069346.protocol": "-1",
                            "egress.482069346.security_groups.#": "0",
                            "egress.482069346.self": "false",
                            "egress.482069346.to_port": "0",
                            "id": "sg-51f97226",
                            "ingress.#": "3",
                            "ingress.2214680975.cidr_blocks.#": "1",
                            "ingress.2214680975.cidr_blocks.0": "0.0.0.0/0",
                            "ingress.2214680975.description": "",
                            "ingress.2214680975.from_port": "80",
                            "ingress.2214680975.ipv6_cidr_blocks.#": "0",
                            "ingress.2214680975.protocol": "tcp",
                            "ingress.2214680975.security_groups.#": "0",
                            "ingress.2214680975.self": "false",
                            "ingress.2214680975.to_port": "80",
                            "ingress.2541437006.cidr_blocks.#": "1",
                            "ingress.2541437006.cidr_blocks.0": "0.0.0.0/0",
                            "ingress.2541437006.description": "",
                            "ingress.2541437006.from_port": "22",
                            "ingress.2541437006.ipv6_cidr_blocks.#": "0",
                            "ingress.2541437006.protocol": "tcp",
                            "ingress.2541437006.security_groups.#": "0",
                            "ingress.2541437006.self": "false",
                            "ingress.2541437006.to_port": "22",
                            "ingress.2617001939.cidr_blocks.#": "1",
                            "ingress.2617001939.cidr_blocks.0": "0.0.0.0/0",
                            "ingress.2617001939.description": "",
                            "ingress.2617001939.from_port": "443",
                            "ingress.2617001939.ipv6_cidr_blocks.#": "0",
                            "ingress.2617001939.protocol": "tcp",
                            "ingress.2617001939.security_groups.#": "0",
                            "ingress.2617001939.self": "false",
                            "ingress.2617001939.to_port": "443",
                            "name": "nginx Security Group",
                            "owner_id": "380811051426",
                            "revoke_rules_on_delete": "false",
                            "tags.%": "1",
                            "tags.Name": "NGINX",
                            "vpc_id": "vpc-ba8d78c1"
                        },
                        "meta": {
                            "schema_version": "1"
                        },
                        "tainted": false
                    },
                    "deposed": [],
                    "provider": "provider.aws"
                },
                "aws_subnet.private": {
                    "type": "aws_subnet",
                    "depends_on": [
                        "aws_vpc.vpc"
                    ],
                    "primary": {
                        "id": "subnet-d8c506d7",
                        "attributes": {
                            "assign_ipv6_address_on_creation": "false",
                            "availability_zone": "us-east-1f",
                            "cidr_block": "10.0.48.0/20",
                            "id": "subnet-d8c506d7",
                            "map_public_ip_on_launch": "false",
                            "tags.%": "1",
                            "tags.Name": "MMB us-east-1 private",
                            "vpc_id": "vpc-ba8d78c1"
                        },
                        "meta": {
                            "schema_version": "1"
                        },
                        "tainted": false
                    },
                    "deposed": [],
                    "provider": "provider.aws"
                },
                "aws_subnet.public": {
                    "type": "aws_subnet",
                    "depends_on": [
                        "aws_vpc.vpc"
                    ],
                    "primary": {
                        "id": "subnet-19c70416",
                        "attributes": {
                            "assign_ipv6_address_on_creation": "false",
                            "availability_zone": "us-east-1f",
                            "cidr_block": "10.0.0.0/20",
                            "id": "subnet-19c70416",
                            "map_public_ip_on_launch": "true",
                            "tags.%": "1",
                            "tags.Name": "MMB us-east-1 public",
                            "vpc_id": "vpc-ba8d78c1"
                        },
                        "meta": {
                            "schema_version": "1"
                        },
                        "tainted": false
                    },
                    "deposed": [],
                    "provider": "provider.aws"
                },
                "aws_vpc.vpc": {
                    "type": "aws_vpc",
                    "depends_on": [],
                    "primary": {
                        "id": "vpc-ba8d78c1",
                        "attributes": {
                            "assign_generated_ipv6_cidr_block": "false",
                            "cidr_block": "10.0.0.0/16",
                            "default_network_acl_id": "acl-fb057f80",
                            "default_route_table_id": "rtb-44213739",
                            "default_security_group_id": "sg-cef67db9",
                            "dhcp_options_id": "dopt-ab1604d2",
                            "enable_classiclink": "false",
                            "enable_classiclink_dns_support": "false",
                            "enable_dns_hostnames": "false",
                            "enable_dns_support": "true",
                            "id": "vpc-ba8d78c1",
                            "instance_tenancy": "default",
                            "main_route_table_id": "rtb-44213739",
                            "tags.%": "1",
                            "tags.Name": "MMB"
                        },
                        "meta": {
                            "schema_version": "1"
                        },
                        "tainted": false
                    },
                    "deposed": [],
                    "provider": "provider.aws"
                },
                "data.template_file.ansible": {
                    "type": "template_file",
                    "depends_on": [],
                    "primary": {
                        "id": "59c177aaf92ad5b3449a5592afd5a10e18e2b7f0e467e9e604338f162df29120",
                        "attributes": {
                            "id": "59c177aaf92ad5b3449a5592afd5a10e18e2b7f0e467e9e604338f162df29120",
                            "rendered": "#cloud-config\npackage_upgrade: true\npackages:\n- vim\nruncmd:\n- sudo yum update -y\n- sudo yum install python-simplejson -y\n",
                            "template": "#cloud-config\npackage_upgrade: true\npackages:\n- vim\nruncmd:\n- sudo yum update -y\n- sudo yum install python-simplejson -y\n"
                        },
                        "meta": {},
                        "tainted": false
                    },
                    "deposed": [],
                    "provider": "provider.template"
                }
            },
            "depends_on": []
        }
    ]
}
